
Microsoft Visual Studio Solution File, Format Version 12.00
# Visual Studio Version 16
VisualStudioVersion = 16.0.31019.35
MinimumVisualStudioVersion = 10.0.40219.1
Project("{2150E333-8FDC-42A3-9474-1A3956D46DE8}") = "src", "src", "{24EEEEDA-0C1B-4D93-B43D-20FC8D6BC9BD}"
	ProjectSection(SolutionItems) = preProject
		src\README.md = src\README.md
	EndProjectSection
EndProject
Project("{2150E333-8FDC-42A3-9474-1A3956D46DE8}") = "docs", "docs", "{81C69981-D24F-4DB5-956A-8ED148494010}"
	ProjectSection(SolutionItems) = preProject
		Guidelines.md = Guidelines.md
		docs\README.md = docs\README.md
	EndProjectSection
EndProject
Project("{2150E333-8FDC-42A3-9474-1A3956D46DE8}") = "tests", "tests", "{A0122D51-ACA6-4FF7-8C05-59C7C55713F5}"
	ProjectSection(SolutionItems) = preProject
		tests\README.md = tests\README.md
	EndProjectSection
EndProject
Project("{2150E333-8FDC-42A3-9474-1A3956D46DE8}") = "dists", "dists", "{560B6A57-7A12-4198-8022-4BF966E8C256}"
	ProjectSection(SolutionItems) = preProject
		dists\README.md = dists\README.md
	EndProjectSection
EndProject
Project("{2150E333-8FDC-42A3-9474-1A3956D46DE8}") = "scripts", "scripts", "{4B8A6DBE-FC54-4E85-B6F9-8BC9DCCE45E4}"
	ProjectSection(SolutionItems) = preProject
		scripts\README.md = scripts\README.md
	EndProjectSection
EndProject
Project("{2150E333-8FDC-42A3-9474-1A3956D46DE8}") = "_", "_", "{41014B27-C687-4B35-95A8-72806416A5C5}"
	ProjectSection(SolutionItems) = preProject
		.gitignore = .gitignore
		LICENSE = LICENSE
		README.md = README.md
	EndProjectSection
EndProject
Project("{FAE04EC0-301F-11D3-BF4B-00C04F79EFBC}") = "SharedKernel", "src\SharedKernel\SharedKernel.csproj", "{6ADB4ED5-DBF4-4818-9EC5-D9F12825A704}"
EndProject
Project("{FAE04EC0-301F-11D3-BF4B-00C04F79EFBC}") = "Domain", "src\Domain\Domain.csproj", "{381D1B33-52DD-4AF9-9418-3CDAE656F2D3}"
EndProject
Project("{FAE04EC0-301F-11D3-BF4B-00C04F79EFBC}") = "Infrastructure", "src\Infrastructure\Infrastructure.csproj", "{8A25C21E-FC55-4B01-B19B-1EF4213E4A34}"
EndProject
Project("{FAE04EC0-301F-11D3-BF4B-00C04F79EFBC}") = "Application", "src\Application\Application.csproj", "{B3927597-3B36-44EA-8265-08BA175EA88A}"
EndProject
Project("{FAE04EC0-301F-11D3-BF4B-00C04F79EFBC}") = "WebApi", "src\WebApi\WebApi.csproj", "{D81772CA-49E2-47DC-8C36-43EC23C104B5}"
EndProject
Project("{FAE04EC0-301F-11D3-BF4B-00C04F79EFBC}") = "Presenter.WebAssembly", "src\Presenter.WebAssembly\Presenter.WebAssembly.csproj", "{3B6B5366-07A2-4E13-9C96-ED16A52BDA68}"
EndProject
Project("{FAE04EC0-301F-11D3-BF4B-00C04F79EFBC}") = "Test.UnitTest", "tests\Test.UnitTest\Test.UnitTest.csproj", "{07FB1623-2B82-42E5-A42B-4BA36A504D3F}"
EndProject
Project("{FAE04EC0-301F-11D3-BF4B-00C04F79EFBC}") = "Test.IntegrationTest", "tests\Test.IntegrationTest\Test.IntegrationTest.csproj", "{0E0654D9-A46D-4278-9529-E117B18FECCF}"
EndProject
Project("{FAE04EC0-301F-11D3-BF4B-00C04F79EFBC}") = "Test.FunctionalTest", "tests\Test.FunctionalTest\Test.FunctionalTest.csproj", "{73B574D8-38AF-48B9-903D-F571D31C5098}"
EndProject
Global
	GlobalSection(SolutionConfigurationPlatforms) = preSolution
		Debug|Any CPU = Debug|Any CPU
		Release|Any CPU = Release|Any CPU
	EndGlobalSection
	GlobalSection(ProjectConfigurationPlatforms) = postSolution
		{6ADB4ED5-DBF4-4818-9EC5-D9F12825A704}.Debug|Any CPU.ActiveCfg = Debug|Any CPU
		{6ADB4ED5-DBF4-4818-9EC5-D9F12825A704}.Debug|Any CPU.Build.0 = Debug|Any CPU
		{6ADB4ED5-DBF4-4818-9EC5-D9F12825A704}.Release|Any CPU.ActiveCfg = Release|Any CPU
		{6ADB4ED5-DBF4-4818-9EC5-D9F12825A704}.Release|Any CPU.Build.0 = Release|Any CPU
		{381D1B33-52DD-4AF9-9418-3CDAE656F2D3}.Debug|Any CPU.ActiveCfg = Debug|Any CPU
		{381D1B33-52DD-4AF9-9418-3CDAE656F2D3}.Debug|Any CPU.Build.0 = Debug|Any CPU
		{381D1B33-52DD-4AF9-9418-3CDAE656F2D3}.Release|Any CPU.ActiveCfg = Release|Any CPU
		{381D1B33-52DD-4AF9-9418-3CDAE656F2D3}.Release|Any CPU.Build.0 = Release|Any CPU
		{8A25C21E-FC55-4B01-B19B-1EF4213E4A34}.Debug|Any CPU.ActiveCfg = Debug|Any CPU
		{8A25C21E-FC55-4B01-B19B-1EF4213E4A34}.Debug|Any CPU.Build.0 = Debug|Any CPU
		{8A25C21E-FC55-4B01-B19B-1EF4213E4A34}.Release|Any CPU.ActiveCfg = Release|Any CPU
		{8A25C21E-FC55-4B01-B19B-1EF4213E4A34}.Release|Any CPU.Build.0 = Release|Any CPU
		{B3927597-3B36-44EA-8265-08BA175EA88A}.Debug|Any CPU.ActiveCfg = Debug|Any CPU
		{B3927597-3B36-44EA-8265-08BA175EA88A}.Debug|Any CPU.Build.0 = Debug|Any CPU
		{B3927597-3B36-44EA-8265-08BA175EA88A}.Release|Any CPU.ActiveCfg = Release|Any CPU
		{B3927597-3B36-44EA-8265-08BA175EA88A}.Release|Any CPU.Build.0 = Release|Any CPU
		{D81772CA-49E2-47DC-8C36-43EC23C104B5}.Debug|Any CPU.ActiveCfg = Debug|Any CPU
		{D81772CA-49E2-47DC-8C36-43EC23C104B5}.Debug|Any CPU.Build.0 = Debug|Any CPU
		{D81772CA-49E2-47DC-8C36-43EC23C104B5}.Release|Any CPU.ActiveCfg = Release|Any CPU
		{D81772CA-49E2-47DC-8C36-43EC23C104B5}.Release|Any CPU.Build.0 = Release|Any CPU
		{3B6B5366-07A2-4E13-9C96-ED16A52BDA68}.Debug|Any CPU.ActiveCfg = Debug|Any CPU
		{3B6B5366-07A2-4E13-9C96-ED16A52BDA68}.Debug|Any CPU.Build.0 = Debug|Any CPU
		{3B6B5366-07A2-4E13-9C96-ED16A52BDA68}.Release|Any CPU.ActiveCfg = Release|Any CPU
		{3B6B5366-07A2-4E13-9C96-ED16A52BDA68}.Release|Any CPU.Build.0 = Release|Any CPU
		{07FB1623-2B82-42E5-A42B-4BA36A504D3F}.Debug|Any CPU.ActiveCfg = Debug|Any CPU
		{07FB1623-2B82-42E5-A42B-4BA36A504D3F}.Debug|Any CPU.Build.0 = Debug|Any CPU
		{07FB1623-2B82-42E5-A42B-4BA36A504D3F}.Release|Any CPU.ActiveCfg = Release|Any CPU
		{07FB1623-2B82-42E5-A42B-4BA36A504D3F}.Release|Any CPU.Build.0 = Release|Any CPU
		{0E0654D9-A46D-4278-9529-E117B18FECCF}.Debug|Any CPU.ActiveCfg = Debug|Any CPU
		{0E0654D9-A46D-4278-9529-E117B18FECCF}.Debug|Any CPU.Build.0 = Debug|Any CPU
		{0E0654D9-A46D-4278-9529-E117B18FECCF}.Release|Any CPU.ActiveCfg = Release|Any CPU
		{0E0654D9-A46D-4278-9529-E117B18FECCF}.Release|Any CPU.Build.0 = Release|Any CPU
		{73B574D8-38AF-48B9-903D-F571D31C5098}.Debug|Any CPU.ActiveCfg = Debug|Any CPU
		{73B574D8-38AF-48B9-903D-F571D31C5098}.Debug|Any CPU.Build.0 = Debug|Any CPU
		{73B574D8-38AF-48B9-903D-F571D31C5098}.Release|Any CPU.ActiveCfg = Release|Any CPU
		{73B574D8-38AF-48B9-903D-F571D31C5098}.Release|Any CPU.Build.0 = Release|Any CPU
	EndGlobalSection
	GlobalSection(SolutionProperties) = preSolution
		HideSolutionNode = FALSE
	EndGlobalSection
	GlobalSection(NestedProjects) = preSolution
		{6ADB4ED5-DBF4-4818-9EC5-D9F12825A704} = {24EEEEDA-0C1B-4D93-B43D-20FC8D6BC9BD}
		{381D1B33-52DD-4AF9-9418-3CDAE656F2D3} = {24EEEEDA-0C1B-4D93-B43D-20FC8D6BC9BD}
		{8A25C21E-FC55-4B01-B19B-1EF4213E4A34} = {24EEEEDA-0C1B-4D93-B43D-20FC8D6BC9BD}
		{B3927597-3B36-44EA-8265-08BA175EA88A} = {24EEEEDA-0C1B-4D93-B43D-20FC8D6BC9BD}
		{D81772CA-49E2-47DC-8C36-43EC23C104B5} = {24EEEEDA-0C1B-4D93-B43D-20FC8D6BC9BD}
		{3B6B5366-07A2-4E13-9C96-ED16A52BDA68} = {24EEEEDA-0C1B-4D93-B43D-20FC8D6BC9BD}
		{07FB1623-2B82-42E5-A42B-4BA36A504D3F} = {A0122D51-ACA6-4FF7-8C05-59C7C55713F5}
		{0E0654D9-A46D-4278-9529-E117B18FECCF} = {A0122D51-ACA6-4FF7-8C05-59C7C55713F5}
		{73B574D8-38AF-48B9-903D-F571D31C5098} = {A0122D51-ACA6-4FF7-8C05-59C7C55713F5}
	EndGlobalSection
	GlobalSection(ExtensibilityGlobals) = postSolution
		SolutionGuid = {5DC007A5-96AB-4263-8971-EE295B72176B}
	EndGlobalSection
EndGlobal
