
Microsoft Visual Studio Solution File, Format Version 12.00
# Visual Studio Version 16
VisualStudioVersion = 16.0.31019.35
MinimumVisualStudioVersion = 10.0.40219.1
Project("{2150E333-8FDC-42A3-9474-1A3956D46DE8}") = "src", "src", "{24EEEEDA-0C1B-4D93-B43D-20FC8D6BC9BD}"
	ProjectSection(SolutionItems) = preProject
		src\README.md = src\README.md
	EndProjectSection
EndProject
Project("{2150E333-8FDC-42A3-9474-1A3956D46DE8}") = "docs", "docs", "{81C69981-D24F-4DB5-956A-8ED148494010}"
	ProjectSection(SolutionItems) = preProject
		Guidelines.md = Guidelines.md
		docs\README.md = docs\README.md
	EndProjectSection
EndProject
Project("{2150E333-8FDC-42A3-9474-1A3956D46DE8}") = "tests", "tests", "{A0122D51-ACA6-4FF7-8C05-59C7C55713F5}"
	ProjectSection(SolutionItems) = preProject
		tests\README.md = tests\README.md
	EndProjectSection
EndProject
Project("{2150E333-8FDC-42A3-9474-1A3956D46DE8}") = "dists", "dists", "{560B6A57-7A12-4198-8022-4BF966E8C256}"
	ProjectSection(SolutionItems) = preProject
		dists\README.md = dists\README.md
	EndProjectSection
EndProject
Project("{2150E333-8FDC-42A3-9474-1A3956D46DE8}") = "scripts", "scripts", "{4B8A6DBE-FC54-4E85-B6F9-8BC9DCCE45E4}"
	ProjectSection(SolutionItems) = preProject
		scripts\README.md = scripts\README.md
	EndProjectSection
EndProject
Project("{2150E333-8FDC-42A3-9474-1A3956D46DE8}") = "_", "_", "{41014B27-C687-4B35-95A8-72806416A5C5}"
	ProjectSection(SolutionItems) = preProject
		.gitignore = .gitignore
		LICENSE = LICENSE
		README.md = README.md
	EndProjectSection
EndProject
Global
	GlobalSection(SolutionProperties) = preSolution
		HideSolutionNode = FALSE
	EndGlobalSection
	GlobalSection(ExtensibilityGlobals) = postSolution
		SolutionGuid = {5DC007A5-96AB-4263-8971-EE295B72176B}
	EndGlobalSection
EndGlobal
